// !$*UTF8*$!
{
	archiveVersion = 1;
	classes = {
	};
	objectVersion = 50;
	objects = {

/* Begin PBXBuildFile section */
		80CE4FB622EA88B2001FB11E /* main.cpp in Sources */ = {isa = PBXBuildFile; fileRef = 80CE4FB522EA88B2001FB11E /* main.cpp */; };
		80CE4FBE22EA88BE001FB11E /* OpenGL.framework in Frameworks */ = {isa = PBXBuildFile; fileRef = 80CE4FBD22EA88BE001FB11E /* OpenGL.framework */; };
		80CE4FC022EA88C5001FB11E /* GLUT.framework in Frameworks */ = {isa = PBXBuildFile; fileRef = 80CE4FBF22EA88C5001FB11E /* GLUT.framework */; };
		80CE4FC522EA9665001FB11E /* LoadShader.cpp in Sources */ = {isa = PBXBuildFile; fileRef = 80CE4FC422EA9665001FB11E /* LoadShader.cpp */; };
/* End PBXBuildFile section */

/* Begin PBXCopyFilesBuildPhase section */
		80CE4FB022EA88B2001FB11E /* CopyFiles */ = {
			isa = PBXCopyFilesBuildPhase;
			buildActionMask = 2147483647;
			dstPath = /usr/share/man/man1/;
			dstSubfolderSpec = 0;
			files = (
			);
			runOnlyForDeploymentPostprocessing = 1;
		};
/* End PBXCopyFilesBuildPhase section */

/* Begin PBXFileReference section */
		80CE4FB222EA88B2001FB11E /* openglStart */ = {isa = PBXFileReference; explicitFileType = "compiled.mach-o.executable"; includeInIndex = 0; path = openglStart; sourceTree = BUILT_PRODUCTS_DIR; };
		80CE4FB522EA88B2001FB11E /* main.cpp */ = {isa = PBXFileReference; lastKnownFileType = sourcecode.cpp.cpp; path = main.cpp; sourceTree = "<group>"; };
		80CE4FBD22EA88BE001FB11E /* OpenGL.framework */ = {isa = PBXFileReference; lastKnownFileType = wrapper.framework; name = OpenGL.framework; path = System/Library/Frameworks/OpenGL.framework; sourceTree = SDKROOT; };
		80CE4FBF22EA88C5001FB11E /* GLUT.framework */ = {isa = PBXFileReference; lastKnownFileType = wrapper.framework; name = GLUT.framework; path = System/Library/Frameworks/GLUT.framework; sourceTree = SDKROOT; };
		80CE4FC122EA88FB001FB11E /* start.vert */ = {isa = PBXFileReference; lastKnownFileType = sourcecode.glsl; path = start.vert; sourceTree = "<group>"; };
		80CE4FC222EA8913001FB11E /* start.frag */ = {isa = PBXFileReference; lastKnownFileType = sourcecode.glsl; path = start.frag; sourceTree = "<group>"; };
		80CE4FC422EA9665001FB11E /* LoadShader.cpp */ = {isa = PBXFileReference; lastKnownFileType = sourcecode.cpp.cpp; path = LoadShader.cpp; sourceTree = "<group>"; };
		80CE4FC622EA9748001FB11E /* LoadShader.h */ = {isa = PBXFileReference; lastKnownFileType = sourcecode.c.h; path = LoadShader.h; sourceTree = "<group>"; };
/* End PBXFileReference section */

/* Begin PBXFrameworksBuildPhase section */
		80CE4FAF22EA88B2001FB11E /* Frameworks */ = {
			isa = PBXFrameworksBuildPhase;
			buildActionMask = 2147483647;
			files = (
				80CE4FC022EA88C5001FB11E /* GLUT.framework in Frameworks */,
				80CE4FBE22EA88BE001FB11E /* OpenGL.framework in Frameworks */,
			);
			runOnlyForDeploymentPostprocessing = 0;
		};
/* End PBXFrameworksBuildPhase section */

/* Begin PBXGroup section */
		80CE4FA922EA88B2001FB11E = {
			isa = PBXGroup;
			children = (
				80CE4FB422EA88B2001FB11E /* openglStart */,
				80CE4FB322EA88B2001FB11E /* Products */,
				80CE4FBC22EA88BE001FB11E /* Frameworks */,
			);
			sourceTree = "<group>";
		};
		80CE4FB322EA88B2001FB11E /* Products */ = {
			isa = PBXGroup;
			children = (
				80CE4FB222EA88B2001FB11E /* openglStart */,
			);
			name = Products;
			sourceTree = "<group>";
		};
		80CE4FB422EA88B2001FB11E /* openglStart */ = {
			isa = PBXGroup;
			children = (
				80CE4FC822EA97B2001FB11E /* shaders */,
				80CE4FC722EA97A4001FB11E /* utils */,
				80CE4FB522EA88B2001FB11E /* main.cpp */,
			);
			path = openglStart;
			sourceTree = "<group>";
		};
		80CE4FBC22EA88BE001FB11E /* Frameworks */ = {
			isa = PBXGroup;
			children = (
				80CE4FBF22EA88C5001FB11E /* GLUT.framework */,
				80CE4FBD22EA88BE001FB11E /* OpenGL.framework */,
			);
			name = Frameworks;
			sourceTree = "<group>";
		};
		80CE4FC722EA97A4001FB11E /* utils */ = {
			isa = PBXGroup;
			children = (
				80CE4FC422EA9665001FB11E /* LoadShader.cpp */,
				80CE4FC622EA9748001FB11E /* LoadShader.h */,
			);
			path = utils;
			sourceTree = "<group>";
		};
		80CE4FC822EA97B2001FB11E /* shaders */ = {
			isa = PBXGroup;
			children = (
				80CE4FC122EA88FB001FB11E /* start.vert */,
				80CE4FC222EA8913001FB11E /* start.frag */,
			);
			path = shaders;
			sourceTree = "<group>";
		};
/* End PBXGroup section */

/* Begin PBXNativeTarget section */
		80CE4FB122EA88B2001FB11E /* openglStart */ = {
			isa = PBXNativeTarget;
			buildConfigurationList = 80CE4FB922EA88B2001FB11E /* Build configuration list for PBXNativeTarget "openglStart" */;
			buildPhases = (
				80CE4FAE22EA88B2001FB11E /* Sources */,
				80CE4FAF22EA88B2001FB11E /* Frameworks */,
				80CE4FB022EA88B2001FB11E /* CopyFiles */,
			);
			buildRules = (
			);
			dependencies = (
			);
			name = openglStart;
			productName = openglStart;
			productReference = 80CE4FB222EA88B2001FB11E /* openglStart */;
			productType = "com.apple.product-type.tool";
		};
/* End PBXNativeTarget section */

/* Begin PBXProject section */
		80CE4FAA22EA88B2001FB11E /* Project object */ = {
			isa = PBXProject;
			attributes = {
				LastUpgradeCheck = 1030;
				ORGANIZATIONNAME = "Pampa Nie";
				TargetAttributes = {
					80CE4FB122EA88B2001FB11E = {
						CreatedOnToolsVersion = 10.3;
					};
				};
			};
			buildConfigurationList = 80CE4FAD22EA88B2001FB11E /* Build configuration list for PBXProject "openglStart" */;
			compatibilityVersion = "Xcode 9.3";
			developmentRegion = en;
			hasScannedForEncodings = 0;
			knownRegions = (
				en,
			);
			mainGroup = 80CE4FA922EA88B2001FB11E;
			productRefGroup = 80CE4FB322EA88B2001FB11E /* Products */;
			projectDirPath = "";
			projectRoot = "";
			targets = (
				80CE4FB122EA88B2001FB11E /* openglStart */,
			);
		};
/* End PBXProject section */

/* Begin PBXSourcesBuildPhase section */
		80CE4FAE22EA88B2001FB11E /* Sources */ = {
			isa = PBXSourcesBuildPhase;
			buildActionMask = 2147483647;
			files = (
				80CE4FC522EA9665001FB11E /* LoadShader.cpp in Sources */,
				80CE4FB622EA88B2001FB11E /* main.cpp in Sources */,
			);
			runOnlyForDeploymentPostprocessing = 0;
		};
/* End PBXSourcesBuildPhase section */

/* Begin XCBuildConfiguration section */
		80CE4FB722EA88B2001FB11E /* Debug */ = {
			isa = XCBuildConfiguration;
			buildSettings = {
				ALWAYS_SEARCH_USER_PATHS = NO;
				CLANG_ANALYZER_NONNULL = YES;
				CLANG_ANALYZER_NUMBER_OBJECT_CONVERSION = YES_AGGRESSIVE;
				CLANG_CXX_LANGUAGE_STANDARD = "gnu++14";
				CLANG_CXX_LIBRARY = "libc++";
				CLANG_ENABLE_MODULES = YES;
				CLANG_ENABLE_OBJC_ARC = YES;
				CLANG_ENABLE_OBJC_WEAK = YES;
				CLANG_WARN_BLOCK_CAPTURE_AUTORELEASING = YES;
				CLANG_WARN_BOOL_CONVERSION = YES;
				CLANG_WARN_COMMA = YES;
				CLANG_WARN_CONSTANT_CONVERSION = YES;
				CLANG_WARN_DEPRECATED_OBJC_IMPLEMENTATIONS = YES;
				CLANG_WARN_DIRECT_OBJC_ISA_USAGE = YES_ERROR;
				CLANG_WARN_DOCUMENTATION_COMMENTS = YES;
				CLANG_WARN_EMPTY_BODY = YES;
				CLANG_WARN_ENUM_CONVERSION = YES;
				CLANG_WARN_INFINITE_RECURSION = YES;
				CLANG_WARN_INT_CONVERSION = YES;
				CLANG_WARN_NON_LITERAL_NULL_CONVERSION = YES;
				CLANG_WARN_OBJC_IMPLICIT_RETAIN_SELF = YES;
				CLANG_WARN_OBJC_LITERAL_CONVERSION = YES;
				CLANG_WARN_OBJC_ROOT_CLASS = YES_ERROR;
				CLANG_WARN_RANGE_LOOP_ANALYSIS = YES;
				CLANG_WARN_STRICT_PROTOTYPES = YES;
				CLANG_WARN_SUSPICIOUS_MOVE = YES;
				CLANG_WARN_UNGUARDED_AVAILABILITY = YES_AGGRESSIVE;
				CLANG_WARN_UNREACHABLE_CODE = YES;
				CLANG_WARN__DUPLICATE_METHOD_MATCH = YES;
				CODE_SIGN_IDENTITY = "-";
				COPY_PHASE_STRIP = NO;
				DEBUG_INFORMATION_FORMAT = dwarf;
				ENABLE_STRICT_OBJC_MSGSEND = YES;
				ENABLE_TESTABILITY = YES;
				GCC_C_LANGUAGE_STANDARD = gnu11;
				GCC_DYNAMIC_NO_PIC = NO;
				GCC_NO_COMMON_BLOCKS = YES;
				GCC_OPTIMIZATION_LEVEL = 0;
				GCC_PREPROCESSOR_DEFINITIONS = (
					"DEBUG=1",
					"$(inherited)",
				);
				GCC_WARN_64_TO_32_BIT_CONVERSION = YES;
				GCC_WARN_ABOUT_RETURN_TYPE = YES_ERROR;
				GCC_WARN_UNDECLARED_SELECTOR = YES;
				GCC_WARN_UNINITIALIZED_AUTOS = YES_AGGRESSIVE;
				GCC_WARN_UNUSED_FUNCTION = YES;
				GCC_WARN_UNUSED_VARIABLE = YES;
				MACOSX_DEPLOYMENT_TARGET = 10.14;
				MTL_ENABLE_DEBUG_INFO = INCLUDE_SOURCE;
				MTL_FAST_MATH = YES;
				ONLY_ACTIVE_ARCH = YES;
				SDKROOT = macosx;
			};
			name = Debug;
		};
		80CE4FB822EA88B2001FB11E /* Release */ = {
			isa = XCBuildConfiguration;
			buildSettings = {
				ALWAYS_SEARCH_USER_PATHS = NO;
				CLANG_ANALYZER_NONNULL = YES;
				CLANG_ANALYZER_NUMBER_OBJECT_CONVERSION = YES_AGGRESSIVE;
				CLANG_CXX_LANGUAGE_STANDARD = "gnu++14";
				CLANG_CXX_LIBRARY = "libc++";
				CLANG_ENABLE_MODULES = YES;
				CLANG_ENABLE_OBJC_ARC = YES;
				CLANG_ENABLE_OBJC_WEAK = YES;
				CLANG_WARN_BLOCK_CAPTURE_AUTORELEASING = YES;
				CLANG_WARN_BOOL_CONVERSION = YES;
				CLANG_WARN_COMMA = YES;
				CLANG_WARN_CONSTANT_CONVERSION = YES;
				CLANG_WARN_DEPRECATED_OBJC_IMPLEMENTATIONS = YES;
				CLANG_WARN_DIRECT_OBJC_ISA_USAGE = YES_ERROR;
				CLANG_WARN_DOCUMENTATION_COMMENTS = YES;
				CLANG_WARN_EMPTY_BODY = YES;
				CLANG_WARN_ENUM_CONVERSION = YES;
				CLANG_WARN_INFINITE_RECURSION = YES;
				CLANG_WARN_INT_CONVERSION = YES;
				CLANG_WARN_NON_LITERAL_NULL_CONVERSION = YES;
				CLANG_WARN_OBJC_IMPLICIT_RETAIN_SELF = YES;
				CLANG_WARN_OBJC_LITERAL_CONVERSION = YES;
				CLANG_WARN_OBJC_ROOT_CLASS = YES_ERROR;
				CLANG_WARN_RANGE_LOOP_ANALYSIS = YES;
				CLANG_WARN_STRICT_PROTOTYPES = YES;
				CLANG_WARN_SUSPICIOUS_MOVE = YES;
				CLANG_WARN_UNGUARDED_AVAILABILITY = YES_AGGRESSIVE;
				CLANG_WARN_UNREACHABLE_CODE = YES;
				CLANG_WARN__DUPLICATE_METHOD_MATCH = YES;
				CODE_SIGN_IDENTITY = "-";
				COPY_PHASE_STRIP = NO;
				DEBUG_INFORMATION_FORMAT = "dwarf-with-dsym";
				ENABLE_NS_ASSERTIONS = NO;
				ENABLE_STRICT_OBJC_MSGSEND = YES;
				GCC_C_LANGUAGE_STANDARD = gnu11;
				GCC_NO_COMMON_BLOCKS = YES;
				GCC_WARN_64_TO_32_BIT_CONVERSION = YES;
				GCC_WARN_ABOUT_RETURN_TYPE = YES_ERROR;
				GCC_WARN_UNDECLARED_SELECTOR = YES;
				GCC_WARN_UNINITIALIZED_AUTOS = YES_AGGRESSIVE;
				GCC_WARN_UNUSED_FUNCTION = YES;
				GCC_WARN_UNUSED_VARIABLE = YES;
				MACOSX_DEPLOYMENT_TARGET = 10.14;
				MTL_ENABLE_DEBUG_INFO = NO;
				MTL_FAST_MATH = YES;
				SDKROOT = macosx;
			};
			name = Release;
		};
		80CE4FBA22EA88B2001FB11E /* Debug */ = {
			isa = XCBuildConfiguration;
			buildSettings = {
				CODE_SIGN_STYLE = Automatic;
				PRODUCT_NAME = "$(TARGET_NAME)";
			};
			name = Debug;
		};
		80CE4FBB22EA88B2001FB11E /* Release */ = {
			isa = XCBuildConfiguration;
			buildSettings = {
				CODE_SIGN_STYLE = Automatic;
				PRODUCT_NAME = "$(TARGET_NAME)";
			};
			name = Release;
		};
/* End XCBuildConfiguration section */

/* Begin XCConfigurationList section */
		80CE4FAD22EA88B2001FB11E /* Build configuration list for PBXProject "openglStart" */ = {
			isa = XCConfigurationList;
			buildConfigurations = (
				80CE4FB722EA88B2001FB11E /* Debug */,
				80CE4FB822EA88B2001FB11E /* Release */,
			);
			defaultConfigurationIsVisible = 0;
			defaultConfigurationName = Release;
		};
		80CE4FB922EA88B2001FB11E /* Build configuration list for PBXNativeTarget "openglStart" */ = {
			isa = XCConfigurationList;
			buildConfigurations = (
				80CE4FBA22EA88B2001FB11E /* Debug */,
				80CE4FBB22EA88B2001FB11E /* Release */,
			);
			defaultConfigurationIsVisible = 0;
			defaultConfigurationName = Release;
		};
/* End XCConfigurationList section */
	};
	rootObject = 80CE4FAA22EA88B2001FB11E /* Project object */;
}
